
Microsoft Visual Studio Solution File, Format Version 12.00
# Visual Studio Version 16
VisualStudioVersion = 16.0.30320.27
MinimumVisualStudioVersion = 10.0.40219.1
Project("{9A19103F-16F7-4668-BE54-9A1E7A4F7556}") = "ISO20022HackathonTranslator", "ISO20022HackathonTranslator\ISO20022HackathonTranslator.csproj", "{3A7DA5EC-575B-4AD5-A3D4-EC1173722041}"
EndProject
Project("{9A19103F-16F7-4668-BE54-9A1E7A4F7556}") = "DataContracts", "DataContracts\DataContracts.csproj", "{DAB35741-4382-4683-A3F6-EF94881F1015}"
EndProject
Project("{FAE04EC0-301F-11D3-BF4B-00C04F79EFBC}") = "ISO20022HackathonTranslatorTests", "ISO20022HackathonTranslatorTests\ISO20022HackathonTranslatorTests.csproj", "{878A6428-D30F-4EA4-B84A-277C9A0D91CD}"
EndProject
Project("{FAE04EC0-301F-11D3-BF4B-00C04F79EFBC}") = "MTParser", "MTParser\MTParser.csproj", "{BF722FCF-3C58-4287-AA5A-C8F3DEA477D4}"
EndProject
Global
	GlobalSection(SolutionConfigurationPlatforms) = preSolution
		Debug|Any CPU = Debug|Any CPU
		Release|Any CPU = Release|Any CPU
	EndGlobalSection
	GlobalSection(ProjectConfigurationPlatforms) = postSolution
		{3A7DA5EC-575B-4AD5-A3D4-EC1173722041}.Debug|Any CPU.ActiveCfg = Debug|Any CPU
		{3A7DA5EC-575B-4AD5-A3D4-EC1173722041}.Debug|Any CPU.Build.0 = Debug|Any CPU
		{3A7DA5EC-575B-4AD5-A3D4-EC1173722041}.Release|Any CPU.ActiveCfg = Release|Any CPU
		{3A7DA5EC-575B-4AD5-A3D4-EC1173722041}.Release|Any CPU.Build.0 = Release|Any CPU
		{BF722FCF-3C58-4287-AA5A-C8F3DEA477D4}.Debug|Any CPU.ActiveCfg = Debug|Any CPU
		{BF722FCF-3C58-4287-AA5A-C8F3DEA477D4}.Debug|Any CPU.Build.0 = Debug|Any CPU
		{BF722FCF-3C58-4287-AA5A-C8F3DEA477D4}.Release|Any CPU.ActiveCfg = Release|Any CPU
		{BF722FCF-3C58-4287-AA5A-C8F3DEA477D4}.Release|Any CPU.Build.0 = Release|Any CPU
		{DAB35741-4382-4683-A3F6-EF94881F1015}.Debug|Any CPU.ActiveCfg = Debug|Any CPU
		{DAB35741-4382-4683-A3F6-EF94881F1015}.Debug|Any CPU.Build.0 = Debug|Any CPU
		{DAB35741-4382-4683-A3F6-EF94881F1015}.Release|Any CPU.ActiveCfg = Release|Any CPU
		{DAB35741-4382-4683-A3F6-EF94881F1015}.Release|Any CPU.Build.0 = Release|Any CPU
		{878A6428-D30F-4EA4-B84A-277C9A0D91CD}.Debug|Any CPU.ActiveCfg = Debug|Any CPU
		{878A6428-D30F-4EA4-B84A-277C9A0D91CD}.Debug|Any CPU.Build.0 = Debug|Any CPU
		{878A6428-D30F-4EA4-B84A-277C9A0D91CD}.Release|Any CPU.ActiveCfg = Release|Any CPU
		{878A6428-D30F-4EA4-B84A-277C9A0D91CD}.Release|Any CPU.Build.0 = Release|Any CPU
	EndGlobalSection
	GlobalSection(SolutionProperties) = preSolution
		HideSolutionNode = FALSE
	EndGlobalSection
	GlobalSection(ExtensibilityGlobals) = postSolution
		SolutionGuid = {93215EB9-F0CA-4432-A2A7-940717252C97}
	EndGlobalSection
EndGlobal
